lockfileVersion: '6.0'

settings:
  autoInstallPeers: true
  excludeLinksFromLockfile: false

dependencies:
  prettier:
    specifier: ^3.0.3
    version: 3.0.3
  prettier-plugin-multiline-arrays:
    specifier: ^3.0.0
    version: 3.0.0(prettier@3.0.3)

packages:

  /@augment-vir/common@13.5.0:
    resolution: {integrity: sha512-kOnAOShZTaOJ8glYyi2K3hfiYV5zQyjpfc4jmHm5lySAFNMpOjKA7pZxpl8n3RCIHAt+nFP64vuxtSI6jSWOZw==}
    dependencies:
      type-fest: 3.13.1
    dev: false

  /@augment-vir/common@21.5.0:
    resolution: {integrity: sha512-IIhYTXCVe7prxo+0cidZ+/eFUMvGPljCG0WWVc3zR7DYww9UwEhR6X3Lr1z6AlInw6msyI24PJH/6vIM9EvagA==}
    dependencies:
      browser-or-node: 2.1.1
      type-fest: 4.6.0
    dev: false

  /browser-or-node@2.1.1:
    resolution: {integrity: sha512-8CVjaLJGuSKMVTxJ2DpBl5XnlNDiT4cQFeuCJJrvJmts9YrTZDizTX7PjC2s6W4x+MBGZeEY6dGMrF04/6Hgqg==}
    dev: false

  /prettier-plugin-multiline-arrays@3.0.0(prettier@3.0.3):
    resolution: {integrity: sha512-qEfctOpCfnTztyLRoVkKvYpOLeTiG1Sq29Guk9zMs5YeZeoRZXO6JDdWj9OJyswJHmIrOEuPCmpdS7yxkyIatw==}
    peerDependencies:
      prettier: ^3.0.0
    dependencies:
      '@augment-vir/common': 21.5.0
      prettier: 3.0.3
      proxy-vir: 0.0.1
    dev: false

  /prettier@3.0.3:
    resolution: {integrity: sha512-L/4pUDMxcNa8R/EthV08Zt42WBO4h1rarVtK0K+QJG0X187OLo7l699jWw0GKuwzkPQ//jMFA/8Xm6Fh3J/DAg==}
    engines: {node: '>=14'}
    hasBin: true
    dev: false

  /proxy-vir@0.0.1:
    resolution: {integrity: sha512-K3sv2I9kigOqt17hMhvWjSiwx90hpxxD3rN+meVQhrGKoxhVbt82ulkm3i1KlenVIMS1KFskt/vltMlGHVQrMw==}
    dependencies:
      '@augment-vir/common': 13.5.0
    dev: false

  /type-fest@3.13.1:
    resolution: {integrity: sha512-tLq3bSNx+xSpwvAJnzrK0Ep5CLNWjvFTOp71URMaAEWBfRb9nnJiBoUe0tF8bI4ZFO3omgBR6NvnbzVUT3Ly4g==}
    engines: {node: '>=14.16'}
    dev: false

  /type-fest@4.6.0:
    resolution: {integrity: sha512-rLjWJzQFOq4xw7MgJrCZ6T1jIOvvYElXT12r+y0CC6u67hegDHaxcPqb2fZHOGlqxugGQPNB1EnTezjBetkwkw==}
    engines: {node: '>=16'}
    dev: false
