lockfileVersion: '9.0'

settings:
  autoInstallPeers: true
  excludeLinksFromLockfile: false

importers:

  .:
    dependencies:
      prettier:
        specifier: ^3.3.0
        version: 3.3.0
      prettier-plugin-multiline-arrays:
        specifier: ^3.0.6
        version: 3.0.6(prettier@3.3.0)

packages:

  '@augment-vir/common@23.4.0':
    resolution: {integrity: sha512-QIrJ1doD00TNbOzeVrk9KgPTzRlIjayxERnhtbQjK/AFPj5yElcB03GbnGdQZPzws/R+5gfMM5cZiH7QyBP+Kg==}

  '@augment-vir/common@28.1.0':
    resolution: {integrity: sha512-tI4bWn0y00sblWrp0fcDuF2aVxhXhaUb0/eHbTK07eR7qp0O5Yi4pufxyblEKX93B1yEbPsWqrkbX57LdER6MQ==}

  browser-or-node@2.1.1:
    resolution: {integrity: sha512-8CVjaLJGuSKMVTxJ2DpBl5XnlNDiT4cQFeuCJJrvJmts9YrTZDizTX7PjC2s6W4x+MBGZeEY6dGMrF04/6Hgqg==}

  expect-type@0.15.0:
    resolution: {integrity: sha512-yWnriYB4e8G54M5/fAFj7rCIBiKs1HAACaY13kCz6Ku0dezjS9aMcfcdVK2X8Tv2tEV1BPz/wKfQ7WA4S/d8aA==}

  prettier-plugin-multiline-arrays@3.0.6:
    resolution: {integrity: sha512-FrWVa7MoDQo9b5XoLPrqIDClb0k+O8wOIsIr1DutRXhcerLY8PfIe/yYeTVD/vpRISkSXCBEYmj5Voe0wb5dEQ==}
    peerDependencies:
      prettier: '>=3.0.0'

  prettier@3.3.0:
    resolution: {integrity: sha512-J9odKxERhCQ10OC2yb93583f6UnYutOeiV5i0zEDS7UGTdUt0u+y8erxl3lBKvwo/JHyyoEdXjwp4dke9oyZ/g==}
    engines: {node: '>=14'}
    hasBin: true

  proxy-vir@1.0.0:
    resolution: {integrity: sha512-WV1gkBxUOwLSz0Bn09tisIqLK7leAqtFm/474t3L0hQKJw7/gdrkGcWw0/OT1PhSy+TDS6swfq7Niuoq3XJhkQ==}

  run-time-assertions@1.5.1:
    resolution: {integrity: sha512-yyAFU3+ZGw+zjMu0s7uOSGqKIRDLaCnl80VIKdtwuu4ejxcWHCRj2mxL6elVNtI7fytHwk4e40e3IrdNkXihlw==}

  type-fest@4.19.0:
    resolution: {integrity: sha512-CN2l+hWACRiejlnr68vY0/7734Kzu+9+TOslUXbSCQ1ruY9XIHDBSceVXCcHm/oXrdzhtLMMdJEKfemf1yXiZQ==}
    engines: {node: '>=16'}

snapshots:

  '@augment-vir/common@23.4.0':
    dependencies:
      browser-or-node: 2.1.1
      run-time-assertions: 1.5.1
      type-fest: 4.19.0

  '@augment-vir/common@28.1.0':
    dependencies:
      browser-or-node: 2.1.1
      run-time-assertions: 1.5.1
      type-fest: 4.19.0

  browser-or-node@2.1.1: {}

  expect-type@0.15.0: {}

  prettier-plugin-multiline-arrays@3.0.6(prettier@3.3.0):
    dependencies:
      '@augment-vir/common': 28.1.0
      prettier: 3.3.0
      proxy-vir: 1.0.0

  prettier@3.3.0: {}

  proxy-vir@1.0.0:
    dependencies:
      '@augment-vir/common': 23.4.0

  run-time-assertions@1.5.1:
    dependencies:
      '@augment-vir/common': 28.1.0
      expect-type: 0.15.0
      type-fest: 4.19.0

  type-fest@4.19.0: {}
