lockfileVersion: '9.0'

settings:
  autoInstallPeers: true
  excludeLinksFromLockfile: false

importers:

  .:
    dependencies:
      prettier:
        specifier: ^3.5.3
        version: 3.5.3
      prettier-plugin-multiline-arrays:
        specifier: ^4.0.2
        version: 4.0.2(prettier@3.5.3)

packages:

  '@augment-vir/assert@31.10.0':
    resolution: {integrity: sha512-MBNL3z+8jRUJEEwo8QCJZ3+KG5vXXbE1qKI/IatuJm83KlPtjGwvqvSA6IycErwHdwullZGWOARK9D0nsPq+rg==}
    engines: {node: '>=22'}

  '@augment-vir/common@31.10.0':
    resolution: {integrity: sha512-bNy9Z5B8WTeqLYjCNDHL2meb0lp11pJyAnHyEujcLpSWLHJuxiaLO1mSxCGXw/cmADI6cYmKZQzxmasqitsnHw==}
    engines: {node: '>=22'}

  '@augment-vir/core@31.10.0':
    resolution: {integrity: sha512-h3QO1zHC4ELf5sbCh6vv2Blt8gt66XdYzaCgcDeCNIyPw8gN9j5FdCk4JISg0QxznMmrcCzNCMdmVlGta1HuGg==}
    engines: {node: '>=22'}

  '@date-vir/duration@7.3.1':
    resolution: {integrity: sha512-MRXg2dz021QdOYx4TRcDFJ1PhiNIr8HsZ73uFot5+yMbE0oMdqEDpetzm3PAYvSrYrC3L/qxr8+cnh6FUr+cRw==}
    engines: {node: '>=22'}

  '@types/luxon@3.4.2':
    resolution: {integrity: sha512-TifLZlFudklWlMBfhubvgqTXRzLDI5pCbGa4P8a3wPyUQSW+1xQ5eDsreP9DWHX3tjq1ke96uYG/nwundroWcA==}

  ansi-styles@6.2.1:
    resolution: {integrity: sha512-bN798gFfQX+viw3R7yrGWRqnrN2oRkEkUjjl4JNn4E8GxxbjtG3FbrEIIY3l8/hrwUwIeCZvi4QuOTP4MErVug==}
    engines: {node: '>=12'}

  browser-or-node@3.0.0:
    resolution: {integrity: sha512-iczIdVJzGEYhP5DqQxYM9Hh7Ztpqqi+CXZpSmX8ALFs9ecXkQIeqRyM6TfxEfMVpwhl3dSuDvxdzzo9sUOIVBQ==}

  deep-eql@5.0.2:
    resolution: {integrity: sha512-h5k/5U50IJJFpzfL6nO9jaaumfjO/f2NjK/oYB2Djzm4p9L+3T9qWpZqZ2hAbLPuuYq9wrU08WQyBTL5GbPk5Q==}
    engines: {node: '>=6'}

  expect-type@1.2.0:
    resolution: {integrity: sha512-80F22aiJ3GLyVnS/B3HzgR6RelZVumzj9jkL0Rhz4h0xYbNW9PjlQz5h3J/SShErbXBc295vseR4/MIbVmUbeA==}
    engines: {node: '>=12.0.0'}

  json5@2.2.3:
    resolution: {integrity: sha512-XmOWe7eyHYH14cLdVPoyg+GOH3rYX++KpzrylJwSW98t3Nk+U8XOl8FWKOgwtzdb8lXGf6zYwDUzeHMWfxasyg==}
    engines: {node: '>=6'}
    hasBin: true

  luxon@3.5.0:
    resolution: {integrity: sha512-rh+Zjr6DNfUYR3bPwJEnuwDdqMbxZW7LOQfUN4B54+Cl+0o5zaU9RJ6bcidfDtC1cWCZXQ+nvX8bf6bAji37QQ==}
    engines: {node: '>=12'}

  prettier-plugin-multiline-arrays@4.0.2:
    resolution: {integrity: sha512-j8aWPMQl3QsTRR7e2HuNfwp429mB0IL1NQ8PjO0xq5W20O5L5h2XZ99vnqirceJizKhqhm8sOMmsmGcKEtlCFg==}
    engines: {node: '>=22'}
    peerDependencies:
      prettier: '>=3.0.0'

  prettier@3.5.3:
    resolution: {integrity: sha512-QQtaxnoDJeAkDvDKWCLiwIXkTgRhwYDEQCghU9Z6q03iyek/rxRh/2lC3HB7P8sWT2xC/y5JDctPLBIGzHKbhw==}
    engines: {node: '>=14'}
    hasBin: true

  proxy-vir@2.0.1:
    resolution: {integrity: sha512-hjy5mWzHZhgRGh0f90f0Bz3VrGUe0T+AlhwnETakzRdvaN9RtPYLQG1+ZuEzSDK95FAhPYd26nEi1xVrXqvBwg==}
    engines: {node: '>=22'}

  type-fest@4.37.0:
    resolution: {integrity: sha512-S/5/0kFftkq27FPNye0XM1e2NsnoD/3FS+pBmbjmmtLT6I+i344KoOf7pvXreaFsDamWeaJX55nczA1m5PsBDg==}
    engines: {node: '>=16'}

  typed-event-target@4.0.3:
    resolution: {integrity: sha512-CwpGF+ne1ju2zZo9Cx1VCG6fWQkcV8Mu1cFH2i4hciiuch3u6GahNirkfOE+S+9cegZ5NKvyR7gCXedJbV5uvQ==}
    engines: {node: '>=22'}

snapshots:

  '@augment-vir/assert@31.10.0':
    dependencies:
      '@augment-vir/core': 31.10.0
      '@date-vir/duration': 7.3.1
      deep-eql: 5.0.2
      expect-type: 1.2.0
      type-fest: 4.37.0

  '@augment-vir/common@31.10.0':
    dependencies:
      '@augment-vir/assert': 31.10.0
      '@augment-vir/core': 31.10.0
      '@date-vir/duration': 7.3.1
      ansi-styles: 6.2.1
      json5: 2.2.3
      type-fest: 4.37.0
      typed-event-target: 4.0.3

  '@augment-vir/core@31.10.0':
    dependencies:
      '@date-vir/duration': 7.3.1
      browser-or-node: 3.0.0
      json5: 2.2.3
      type-fest: 4.37.0

  '@date-vir/duration@7.3.1':
    dependencies:
      '@types/luxon': 3.4.2
      luxon: 3.5.0
      type-fest: 4.37.0

  '@types/luxon@3.4.2': {}

  ansi-styles@6.2.1: {}

  browser-or-node@3.0.0: {}

  deep-eql@5.0.2: {}

  expect-type@1.2.0: {}

  json5@2.2.3: {}

  luxon@3.5.0: {}

  prettier-plugin-multiline-arrays@4.0.2(prettier@3.5.3):
    dependencies:
      '@augment-vir/common': 31.10.0
      prettier: 3.5.3
      proxy-vir: 2.0.1

  prettier@3.5.3: {}

  proxy-vir@2.0.1:
    dependencies:
      '@augment-vir/assert': 31.10.0
      '@augment-vir/common': 31.10.0

  type-fest@4.37.0: {}

  typed-event-target@4.0.3:
    dependencies:
      '@augment-vir/assert': 31.10.0
      '@augment-vir/common': 31.10.0
      '@augment-vir/core': 31.10.0
